
Microsoft Visual Studio Solution File, Format Version 12.00
# Visual Studio Version 17
VisualStudioVersion = 17.5.33530.505
MinimumVisualStudioVersion = 10.0.40219.1
Project("{2150E333-8FDC-42A3-9474-1A3956D46DE8}") = "src", "src", "{288B68E6-C702-4352-99EF-E28980849DA3}"
EndProject
Project("{2150E333-8FDC-42A3-9474-1A3956D46DE8}") = "tests", "tests", "{79D5BD0B-DA42-4F7E-867F-0E89106C8D1E}"
EndProject
Project("{9A19103F-16F7-4668-BE54-9A1E7A4F7556}") = "Infrastructure.IntegrationTests", "tests\Infrastructure.IntegrationTests\Infrastructure.IntegrationTests.csproj", "{68FAE580-CAFA-45F6-99F1-21FF222C7A8F}"
EndProject
Project("{FAE04EC0-301F-11D3-BF4B-00C04F79EFBC}") = "ApiGuardian.API", "ApiGuardian.API\ApiGuardian.API.csproj", "{560985F7-427C-4182-AB4D-4F124240468A}"
EndProject
Project("{FAE04EC0-301F-11D3-BF4B-00C04F79EFBC}") = "Identity.API", "Identity.API\Identity.API.csproj", "{C53A51D8-BFFA-4B51-A4C6-B3AD190B66AE}"
EndProject
Project("{FAE04EC0-301F-11D3-BF4B-00C04F79EFBC}") = "SessionManager.API", "SessionManager.API\SessionManager.API.csproj", "{363B291C-53F6-43A3-9C09-079519698169}"
EndProject
Project("{FAE04EC0-301F-11D3-BF4B-00C04F79EFBC}") = "ApiGuardian.Application", "ApiGuardian.Application\ApiGuardian.Application.csproj", "{94D0E284-894B-467D-B423-7632F9D5BE3D}"
EndProject
Project("{FAE04EC0-301F-11D3-BF4B-00C04F79EFBC}") = "ApiGuardian.Domain", "ApiGuardian.Domain\ApiGuardian.Domain.csproj", "{B9B0874C-8E04-4AE0-9F96-81BA142BBB37}"
EndProject
Project("{FAE04EC0-301F-11D3-BF4B-00C04F79EFBC}") = "ApiGuardian.Infrastructure", "ApiGuardian.Infrastructure\ApiGuardian.Infrastructure.csproj", "{25BFB4F6-1189-46D6-BD1D-93D8F2B2383F}"
EndProject
Project("{FAE04EC0-301F-11D3-BF4B-00C04F79EFBC}") = "Identity.Application", "Identity.Application\Identity.Application.csproj", "{9AF58E9B-E5EB-4B39-A426-A061F34120F7}"
EndProject
Project("{FAE04EC0-301F-11D3-BF4B-00C04F79EFBC}") = "Identity.Domain", "Identity.Domain\Identity.Domain.csproj", "{F36A66AC-DFB3-4CAE-BAE7-30B70426A84A}"
EndProject
Project("{FAE04EC0-301F-11D3-BF4B-00C04F79EFBC}") = "Identity.Infrastructure", "Identity.Infrastructure\Identity.Infrastructure.csproj", "{C2C99189-13A0-4625-B19A-5EAFD86BF246}"
EndProject
Project("{FAE04EC0-301F-11D3-BF4B-00C04F79EFBC}") = "SessionManager.Application", "SessionManager.Application\SessionManager.Application.csproj", "{ABCB99F0-22E7-4E15-80CF-B792451DD3DE}"
EndProject
Project("{FAE04EC0-301F-11D3-BF4B-00C04F79EFBC}") = "SessionManager.Domain", "SessionManager.Domain\SessionManager.Domain.csproj", "{13A7DD2D-DC34-466E-AF87-0EF5DA3AAC35}"
EndProject
Project("{FAE04EC0-301F-11D3-BF4B-00C04F79EFBC}") = "SessionManager.Infrastructure", "SessionManager.Infrastructure\SessionManager.Infrastructure.csproj", "{6DF3CF11-0BCA-4808-838A-A8B9B825B9F6}"
EndProject
Global
	GlobalSection(SolutionConfigurationPlatforms) = preSolution
		Debug|Any CPU = Debug|Any CPU
		Release|Any CPU = Release|Any CPU
	EndGlobalSection
	GlobalSection(ProjectConfigurationPlatforms) = postSolution
		{68FAE580-CAFA-45F6-99F1-21FF222C7A8F}.Debug|Any CPU.ActiveCfg = Debug|Any CPU
		{68FAE580-CAFA-45F6-99F1-21FF222C7A8F}.Debug|Any CPU.Build.0 = Debug|Any CPU
		{68FAE580-CAFA-45F6-99F1-21FF222C7A8F}.Release|Any CPU.ActiveCfg = Release|Any CPU
		{68FAE580-CAFA-45F6-99F1-21FF222C7A8F}.Release|Any CPU.Build.0 = Release|Any CPU
		{560985F7-427C-4182-AB4D-4F124240468A}.Debug|Any CPU.ActiveCfg = Debug|Any CPU
		{560985F7-427C-4182-AB4D-4F124240468A}.Debug|Any CPU.Build.0 = Debug|Any CPU
		{560985F7-427C-4182-AB4D-4F124240468A}.Release|Any CPU.ActiveCfg = Release|Any CPU
		{560985F7-427C-4182-AB4D-4F124240468A}.Release|Any CPU.Build.0 = Release|Any CPU
		{C53A51D8-BFFA-4B51-A4C6-B3AD190B66AE}.Debug|Any CPU.ActiveCfg = Debug|Any CPU
		{C53A51D8-BFFA-4B51-A4C6-B3AD190B66AE}.Debug|Any CPU.Build.0 = Debug|Any CPU
		{C53A51D8-BFFA-4B51-A4C6-B3AD190B66AE}.Release|Any CPU.ActiveCfg = Release|Any CPU
		{C53A51D8-BFFA-4B51-A4C6-B3AD190B66AE}.Release|Any CPU.Build.0 = Release|Any CPU
		{363B291C-53F6-43A3-9C09-079519698169}.Debug|Any CPU.ActiveCfg = Debug|Any CPU
		{363B291C-53F6-43A3-9C09-079519698169}.Debug|Any CPU.Build.0 = Debug|Any CPU
		{363B291C-53F6-43A3-9C09-079519698169}.Release|Any CPU.ActiveCfg = Release|Any CPU
		{363B291C-53F6-43A3-9C09-079519698169}.Release|Any CPU.Build.0 = Release|Any CPU
		{94D0E284-894B-467D-B423-7632F9D5BE3D}.Debug|Any CPU.ActiveCfg = Debug|Any CPU
		{94D0E284-894B-467D-B423-7632F9D5BE3D}.Debug|Any CPU.Build.0 = Debug|Any CPU
		{94D0E284-894B-467D-B423-7632F9D5BE3D}.Release|Any CPU.ActiveCfg = Release|Any CPU
		{94D0E284-894B-467D-B423-7632F9D5BE3D}.Release|Any CPU.Build.0 = Release|Any CPU
		{B9B0874C-8E04-4AE0-9F96-81BA142BBB37}.Debug|Any CPU.ActiveCfg = Debug|Any CPU
		{B9B0874C-8E04-4AE0-9F96-81BA142BBB37}.Debug|Any CPU.Build.0 = Debug|Any CPU
		{B9B0874C-8E04-4AE0-9F96-81BA142BBB37}.Release|Any CPU.ActiveCfg = Release|Any CPU
		{B9B0874C-8E04-4AE0-9F96-81BA142BBB37}.Release|Any CPU.Build.0 = Release|Any CPU
		{25BFB4F6-1189-46D6-BD1D-93D8F2B2383F}.Debug|Any CPU.ActiveCfg = Debug|Any CPU
		{25BFB4F6-1189-46D6-BD1D-93D8F2B2383F}.Debug|Any CPU.Build.0 = Debug|Any CPU
		{25BFB4F6-1189-46D6-BD1D-93D8F2B2383F}.Release|Any CPU.ActiveCfg = Release|Any CPU
		{25BFB4F6-1189-46D6-BD1D-93D8F2B2383F}.Release|Any CPU.Build.0 = Release|Any CPU
		{9AF58E9B-E5EB-4B39-A426-A061F34120F7}.Debug|Any CPU.ActiveCfg = Debug|Any CPU
		{9AF58E9B-E5EB-4B39-A426-A061F34120F7}.Debug|Any CPU.Build.0 = Debug|Any CPU
		{9AF58E9B-E5EB-4B39-A426-A061F34120F7}.Release|Any CPU.ActiveCfg = Release|Any CPU
		{9AF58E9B-E5EB-4B39-A426-A061F34120F7}.Release|Any CPU.Build.0 = Release|Any CPU
		{F36A66AC-DFB3-4CAE-BAE7-30B70426A84A}.Debug|Any CPU.ActiveCfg = Debug|Any CPU
		{F36A66AC-DFB3-4CAE-BAE7-30B70426A84A}.Debug|Any CPU.Build.0 = Debug|Any CPU
		{F36A66AC-DFB3-4CAE-BAE7-30B70426A84A}.Release|Any CPU.ActiveCfg = Release|Any CPU
		{F36A66AC-DFB3-4CAE-BAE7-30B70426A84A}.Release|Any CPU.Build.0 = Release|Any CPU
		{C2C99189-13A0-4625-B19A-5EAFD86BF246}.Debug|Any CPU.ActiveCfg = Debug|Any CPU
		{C2C99189-13A0-4625-B19A-5EAFD86BF246}.Debug|Any CPU.Build.0 = Debug|Any CPU
		{C2C99189-13A0-4625-B19A-5EAFD86BF246}.Release|Any CPU.ActiveCfg = Release|Any CPU
		{C2C99189-13A0-4625-B19A-5EAFD86BF246}.Release|Any CPU.Build.0 = Release|Any CPU
		{ABCB99F0-22E7-4E15-80CF-B792451DD3DE}.Debug|Any CPU.ActiveCfg = Debug|Any CPU
		{ABCB99F0-22E7-4E15-80CF-B792451DD3DE}.Debug|Any CPU.Build.0 = Debug|Any CPU
		{ABCB99F0-22E7-4E15-80CF-B792451DD3DE}.Release|Any CPU.ActiveCfg = Release|Any CPU
		{ABCB99F0-22E7-4E15-80CF-B792451DD3DE}.Release|Any CPU.Build.0 = Release|Any CPU
		{13A7DD2D-DC34-466E-AF87-0EF5DA3AAC35}.Debug|Any CPU.ActiveCfg = Debug|Any CPU
		{13A7DD2D-DC34-466E-AF87-0EF5DA3AAC35}.Debug|Any CPU.Build.0 = Debug|Any CPU
		{13A7DD2D-DC34-466E-AF87-0EF5DA3AAC35}.Release|Any CPU.ActiveCfg = Release|Any CPU
		{13A7DD2D-DC34-466E-AF87-0EF5DA3AAC35}.Release|Any CPU.Build.0 = Release|Any CPU
		{6DF3CF11-0BCA-4808-838A-A8B9B825B9F6}.Debug|Any CPU.ActiveCfg = Debug|Any CPU
		{6DF3CF11-0BCA-4808-838A-A8B9B825B9F6}.Debug|Any CPU.Build.0 = Debug|Any CPU
		{6DF3CF11-0BCA-4808-838A-A8B9B825B9F6}.Release|Any CPU.ActiveCfg = Release|Any CPU
		{6DF3CF11-0BCA-4808-838A-A8B9B825B9F6}.Release|Any CPU.Build.0 = Release|Any CPU
	EndGlobalSection
	GlobalSection(SolutionProperties) = preSolution
		HideSolutionNode = FALSE
	EndGlobalSection
	GlobalSection(NestedProjects) = preSolution
		{68FAE580-CAFA-45F6-99F1-21FF222C7A8F} = {79D5BD0B-DA42-4F7E-867F-0E89106C8D1E}
		{560985F7-427C-4182-AB4D-4F124240468A} = {288B68E6-C702-4352-99EF-E28980849DA3}
		{C53A51D8-BFFA-4B51-A4C6-B3AD190B66AE} = {288B68E6-C702-4352-99EF-E28980849DA3}
		{363B291C-53F6-43A3-9C09-079519698169} = {288B68E6-C702-4352-99EF-E28980849DA3}
		{94D0E284-894B-467D-B423-7632F9D5BE3D} = {288B68E6-C702-4352-99EF-E28980849DA3}
		{B9B0874C-8E04-4AE0-9F96-81BA142BBB37} = {288B68E6-C702-4352-99EF-E28980849DA3}
		{25BFB4F6-1189-46D6-BD1D-93D8F2B2383F} = {288B68E6-C702-4352-99EF-E28980849DA3}
		{9AF58E9B-E5EB-4B39-A426-A061F34120F7} = {288B68E6-C702-4352-99EF-E28980849DA3}
		{F36A66AC-DFB3-4CAE-BAE7-30B70426A84A} = {288B68E6-C702-4352-99EF-E28980849DA3}
		{C2C99189-13A0-4625-B19A-5EAFD86BF246} = {288B68E6-C702-4352-99EF-E28980849DA3}
		{ABCB99F0-22E7-4E15-80CF-B792451DD3DE} = {288B68E6-C702-4352-99EF-E28980849DA3}
		{13A7DD2D-DC34-466E-AF87-0EF5DA3AAC35} = {288B68E6-C702-4352-99EF-E28980849DA3}
		{6DF3CF11-0BCA-4808-838A-A8B9B825B9F6} = {288B68E6-C702-4352-99EF-E28980849DA3}
	EndGlobalSection
	GlobalSection(ExtensibilityGlobals) = postSolution
		SolutionGuid = {CBE197D2-433B-42F8-AD7D-C56583D07AF5}
	EndGlobalSection
EndGlobal
